
Microsoft Visual Studio Solution File, Format Version 12.00
# Visual Studio Version 17
VisualStudioVersion = 17.2.32630.192
MinimumVisualStudioVersion = 10.0.40219.1
Project("{FAE04EC0-301F-11D3-BF4B-00C04F79EFBC}") = "akasiaTest", "akasiaTest\akasiaTest.csproj", "{AE211D7D-61C6-4A95-BCA5-CA30739E3FBA}"
EndProject
Global
	GlobalSection(SolutionConfigurationPlatforms) = preSolution
		Debug|Any CPU = Debug|Any CPU
		Release|Any CPU = Release|Any CPU
	EndGlobalSection
	GlobalSection(ProjectConfigurationPlatforms) = postSolution
		{AE211D7D-61C6-4A95-BCA5-CA30739E3FBA}.Debug|Any CPU.ActiveCfg = Debug|Any CPU
		{AE211D7D-61C6-4A95-BCA5-CA30739E3FBA}.Debug|Any CPU.Build.0 = Debug|Any CPU
		{AE211D7D-61C6-4A95-BCA5-CA30739E3FBA}.Release|Any CPU.ActiveCfg = Release|Any CPU
		{AE211D7D-61C6-4A95-BCA5-CA30739E3FBA}.Release|Any CPU.Build.0 = Release|Any CPU
	EndGlobalSection
	GlobalSection(SolutionProperties) = preSolution
		HideSolutionNode = FALSE
	EndGlobalSection
	GlobalSection(ExtensibilityGlobals) = postSolution
		SolutionGuid = {764942BB-C098-4638-9CEB-CB5A9AE45FEA}
	EndGlobalSection
EndGlobal
